<?xml version="1.0" encoding="utf-8"?>
<Project ToolsVersion="4.0" xmlns="http://schemas.microsoft.com/developer/msbuild/2003">
  <ItemGroup>
    <ClCompile Include="CreateLineDialog.cpp">
      <Filter>Sources</Filter>
    </ClCompile>
    <ClCompile Include="CreateSphereDialog.cpp">
      <Filter>Sources</Filter>
    </ClCompile>
    <ClCompile Include="MachineHeadAssembly.cpp">
      <Filter>Sources</Filter>
    </ClCompile>
    <ClCompile Include="main.cpp">
      <Filter>Sources</Filter>
    </ClCompile>
    <ClCompile Include="measurementwindow.cpp">
      <Filter>Sources</Filter>
    </ClCompile>
    <ClCompile Include="ParallelCameraSettings.cpp">
      <Filter>Sources</Filter>
    </ClCompile>
    <ClCompile Include="pch.cpp">
      <Filter>Sources</Filter>
    </ClCompile>
    <ClCompile Include="RotateTestDialog.cpp">
      <Filter>Sources</Filter>
    </ClCompile>
    <ClCompile Include="scenewidget.cpp">
      <Filter>Sources</Filter>
    </ClCompile>
    <ClCompile Include="ViewCapture.cpp">
      <Filter>Sources</Filter>
    </ClCompile>
  </ItemGroup>
  <ItemGroup>
    <ClInclude Include="EigenUtils.hpp">
      <Filter>Headers</Filter>
    </ClInclude>
    <ClInclude Include="generators.hpp">
      <Filter>Headers</Filter>
    </ClInclude>
    <ClInclude Include="LineData.hpp">
      <Filter>Headers</Filter>
    </ClInclude>
    <ClInclude Include="MachineHead.hpp">
      <Filter>Headers</Filter>
    </ClInclude>
    <ClInclude Include="MachineHeadAssembly.hpp">
      <Filter>Headers</Filter>
    </ClInclude>
    <ClInclude Include="MarkerManager.hpp">
      <Filter>Headers</Filter>
    </ClInclude>
    <ClInclude Include="ParallelCameraSettings.h">
      <Filter>Headers</Filter>
    </ClInclude>
    <ClInclude Include="pch.h">
      <Filter>Headers</Filter>
    </ClInclude>
    <ClInclude Include="Point3D.hpp">
      <Filter>Headers</Filter>
    </ClInclude>
    <ClInclude Include="PolyLine.hpp">
      <Filter>Headers</Filter>
    </ClInclude>
    <ClInclude Include="ProbeToolAssembly.hpp">
      <Filter>Headers</Filter>
    </ClInclude>
    <ClInclude Include="result.hpp">
      <Filter>Headers</Filter>
    </ClInclude>
    <ClInclude Include="RgbaF.hpp">
      <Filter>Headers</Filter>
    </ClInclude>
    <ClInclude Include="Size.hpp">
      <Filter>Headers</Filter>
    </ClInclude>
    <ClInclude Include="SphereData.hpp">
      <Filter>Headers</Filter>
    </ClInclude>
    <ClInclude Include="ViewCapture.h">
      <Filter>Headers</Filter>
    </ClInclude>
    <ClInclude Include="vtkUtils.hpp">
      <Filter>Headers</Filter>
    </ClInclude>
  </ItemGroup>
  <ItemGroup>
    <Image Include="AntiNormal.png">
      <Filter>Resources</Filter>
    </Image>
    <Image Include="node.png">
      <Filter>Resources</Filter>
    </Image>
    <Image Include="Normal.png">
      <Filter>Resources</Filter>
    </Image>
    <Image Include="pathNode.png">
      <Filter>Resources</Filter>
    </Image>
    <Image Include="Star.png">
      <Filter>Resources</Filter>
    </Image>
  </ItemGroup>
  <ItemGroup>
    <QtMoc Include="CreateLineDialog.h">
      <Filter>Headers</Filter>
    </QtMoc>
    <QtMoc Include="CreateSphereDialog.h">
      <Filter>Headers</Filter>
    </QtMoc>
    <QtMoc Include="measurementwindow.h">
      <Filter>Headers</Filter>
    </QtMoc>
    <QtMoc Include="RotateTestDialog.h">
      <Filter>Headers</Filter>
    </QtMoc>
    <QtMoc Include="scenewidget.h">
      <Filter>Headers</Filter>
    </QtMoc>
    <QtMoc Include="xmltools.hpp">
      <Filter>Headers</Filter>
    </QtMoc>
  </ItemGroup>
  <ItemGroup>
    <QtUic Include="CreateLineDialog.ui">
      <Filter>Headers\Widgets</Filter>
    </QtUic>
    <QtUic Include="CreateSphere.ui">
      <Filter>Headers\Widgets</Filter>
    </QtUic>
    <QtUic Include="measurementwindow.ui">
      <Filter>Headers\Widgets</Filter>
    </QtUic>
    <QtUic Include="RotateTestDialog.ui">
      <Filter>Headers\Widgets</Filter>
    </QtUic>
  </ItemGroup>
  <ItemGroup>
    <Filter Include="Headers">
      <UniqueIdentifier>{c88a41fb-ffb1-4d71-a471-2fbd1869c79c}</UniqueIdentifier>
    </Filter>
    <Filter Include="Sources">
      <UniqueIdentifier>{cffb3ca9-7cd3-46d6-b89e-00501a81051f}</UniqueIdentifier>
    </Filter>
    <Filter Include="Resources">
      <UniqueIdentifier>{53088ed9-856d-466b-972c-319888f36f85}</UniqueIdentifier>
    </Filter>
    <Filter Include="Headers\Widgets">
      <UniqueIdentifier>{068d761e-6c26-4e5d-8278-789b95f40a2c}</UniqueIdentifier>
    </Filter>
  </ItemGroup>
  <ItemGroup>
    <QtRcc Include="measurementwindow.qrc">
      <Filter>Headers\Widgets</Filter>
    </QtRcc>
  </ItemGroup>
</Project>